{
  "name": "data",
  "version": "1.0.0",
  "lockfileVersion": 1,
  "requires": true,
  "dependencies": {
    "argparse": {
      "version": "0.1.6",
      "resolved": "https://registry.npmjs.org/argparse/-/argparse-0.1.6.tgz",
      "integrity": "sha1-Q01M6vdydeEX05YpPcspd8MbQOw=",
      "requires": {
        "underscore": "~1.3.3",
        "underscore.string": "~2.1.1"
      }
    },
    "async": {
      "version": "2.6.1",
      "resolved": "https://registry.npmjs.org/async/-/async-2.6.1.tgz",
      "integrity": "sha512-fNEiL2+AZt6AlAw/29Cr0UDe4sRAHCpEHh54WMz+Bb7QfNcFw4h3loofyJpLeQs4Yx7yuqu/2dLgM5hKOs6HlQ==",
      "requires": {
        "lodash": "^4.17.10"
      }
    },
    "cli-table": {
      "version": "0.0.2",
      "resolved": "https://registry.npmjs.org/cli-table/-/cli-table-0.0.2.tgz",
      "integrity": "sha1-mChn4WQ1Mlxmwgih5xuVM26jCTs=",
      "requires": {
        "colors": "0.3.0"
      }
    },
    "codemirror": {
      "version": "5.1.0",
      "resolved": "http://registry.npmjs.org/codemirror/-/codemirror-5.1.0.tgz",
      "integrity": "sha1-7H5i7gI4QxZhqFIyUTfDP1iu5e0="
    },
    "colors": {
      "version": "0.3.0",
      "resolved": "https://registry.npmjs.org/colors/-/colors-0.3.0.tgz",
      "integrity": "sha1-wkfWTTTbDKTcjkPz7NbamNCvlOc="
    },
    "cover": {
      "version": "0.2.9",
      "resolved": "https://registry.npmjs.org/cover/-/cover-0.2.9.tgz",
      "integrity": "sha1-JiAp37MXFNSAQ/7ZHt5lhZOVXdQ=",
      "requires": {
        "cli-table": "0.0.x",
        "underscore": "1.2.x",
        "underscore.string": "2.0.x",
        "which": "1.0.x"
      },
      "dependencies": {
        "underscore": {
          "version": "1.2.4",
          "resolved": "https://registry.npmjs.org/underscore/-/underscore-1.2.4.tgz",
          "integrity": "sha1-6NpiQaoG9k3yRzuyWQuMF8hMPH4="
        },
        "underscore.string": {
          "version": "2.0.0",
          "resolved": "http://registry.npmjs.org/underscore.string/-/underscore.string-2.0.0.tgz",
          "integrity": "sha1-dHCFilSguzVg0DfaVtzGe1GB4Ro="
        }
      }
    },
    "estraverse": {
      "version": "4.0.0",
      "resolved": "https://registry.npmjs.org/estraverse/-/estraverse-4.0.0.tgz",
      "integrity": "sha1-q5bda+9dx5WM7B19RQhd1cjx7aE="
    },
    "fill-keys": {
      "version": "1.0.2",
      "resolved": "https://registry.npmjs.org/fill-keys/-/fill-keys-1.0.2.tgz",
      "integrity": "sha1-mo+jb06K1jTjv2tPPIiCVRRS6yA=",
      "requires": {
        "is-object": "~1.0.1",
        "merge-descriptors": "~1.0.0"
      }
    },
    "graceful-fs": {
      "version": "3.0.11",
      "resolved": "https://registry.npmjs.org/graceful-fs/-/graceful-fs-3.0.11.tgz",
      "integrity": "sha1-dhPHeKGv6mLyXGMKCG1/Osu92Bg=",
      "requires": {
        "natives": "^1.1.0"
      }
    },
    "graceful-ncp": {
      "version": "2.0.0",
      "resolved": "https://registry.npmjs.org/graceful-ncp/-/graceful-ncp-2.0.0.tgz",
      "integrity": "sha1-3NFiko07TnK4/wR/taUkfBmxnYE=",
      "requires": {
        "graceful-fs": "^3.0.4",
        "ncp": "^2.0.0",
        "proxyquire": "^1.4.0"
      }
    },
    "is-object": {
      "version": "1.0.1",
      "resolved": "https://registry.npmjs.org/is-object/-/is-object-1.0.1.tgz",
      "integrity": "sha1-iVJojF7C/9awPsyF52ngKQMINHA="
    },
    "jalangi2": {
      "version": "0.2.5",
      "resolved": "https://registry.npmjs.org/jalangi2/-/jalangi2-0.2.5.tgz",
      "integrity": "sha1-I+XcO8SElaAn23jmpsNqhqfXcVw=",
      "requires": {
        "acorn": "3.1.0",
        "argparse": "0.1.6",
        "codemirror": "5.1.0",
        "cover": "0.2.9",
        "datatables": "1.10.6",
        "esotope": "1.4.5",
        "estraverse": "4.0.0",
        "graceful-ncp": "2.0.0",
        "jquery": "2.1.3",
        "mkdirp": "0.5.0",
        "parse5": "2.1.5",
        "q": "1.2.0",
        "rewriting-proxy": "0.5.1",
        "temp": "0.8.1"
      },
      "dependencies": {
        "acorn": {
          "version": "3.1.0",
          "bundled": true
        },
        "datatables": {
          "version": "1.10.6",
          "resolved": "https://registry.npmjs.org/datatables/-/datatables-1.10.6.tgz",
          "integrity": "sha1-JIZ6nD085hescyqneF8Sfw+109A=",
          "requires": {
            "jquery": ">=1.7"
          }
        },
        "esotope": {
          "version": "1.4.5",
          "bundled": true
        },
        "jquery": {
          "version": "2.1.3",
          "resolved": "https://registry.npmjs.org/jquery/-/jquery-2.1.3.tgz",
          "integrity": "sha1-bsVSBGc9UF05Qyxb9c+tEOHbrS4="
        }
      }
    },
    "lodash": {
      "version": "4.17.11",
      "resolved": "https://registry.npmjs.org/lodash/-/lodash-4.17.11.tgz",
      "integrity": "sha512-cQKh8igo5QUhZ7lg38DYWAxMvjSAKG0A8wGSVimP07SIUEK2UO+arSRKbRZWtelMtN5V0Hkwh5ryOto/SshYIg=="
    },
    "merge-descriptors": {
      "version": "1.0.1",
      "resolved": "https://registry.npmjs.org/merge-descriptors/-/merge-descriptors-1.0.1.tgz",
      "integrity": "sha1-sAqqVW3YtEVoFQ7J0blT8/kMu2E="
    },
    "minimist": {
      "version": "0.0.8",
      "resolved": "http://registry.npmjs.org/minimist/-/minimist-0.0.8.tgz",
      "integrity": "sha1-hX/Kv8M5fSYluCKCYuhqp6ARsF0="
    },
    "mkdirp": {
      "version": "0.5.0",
      "resolved": "http://registry.npmjs.org/mkdirp/-/mkdirp-0.5.0.tgz",
      "integrity": "sha1-HXMHam35hs2TROFecfzAWkyavxI=",
      "requires": {
        "minimist": "0.0.8"
      }
    },
    "module-not-found-error": {
      "version": "1.0.1",
      "resolved": "https://registry.npmjs.org/module-not-found-error/-/module-not-found-error-1.0.1.tgz",
      "integrity": "sha1-z4tP9PKWQGdNbN0CsOO8UjwrvcA="
    },
    "natives": {
      "version": "1.1.6",
      "resolved": "https://registry.npmjs.org/natives/-/natives-1.1.6.tgz",
      "integrity": "sha512-6+TDFewD4yxY14ptjKaS63GVdtKiES1pTPyxn9Jb0rBqPMZ7VcCiooEhPNsr+mqHtMGxa/5c/HhcC4uPEUw/nA=="
    },
    "ncp": {
      "version": "2.0.0",
      "resolved": "http://registry.npmjs.org/ncp/-/ncp-2.0.0.tgz",
      "integrity": "sha1-GVoh1sRuNh0vsSgbo4uR6d9727M="
    },
    "parse5": {
      "version": "2.1.5",
      "resolved": "https://registry.npmjs.org/parse5/-/parse5-2.1.5.tgz",
      "integrity": "sha1-eoZ3reJd2sBCN5Bfe+VGRVctzwU="
    },
    "proxyquire": {
      "version": "1.8.0",
      "resolved": "https://registry.npmjs.org/proxyquire/-/proxyquire-1.8.0.tgz",
      "integrity": "sha1-AtUUpb7ZhvBMuyCTrxZ0FTX3ntw=",
      "requires": {
        "fill-keys": "^1.0.2",
        "module-not-found-error": "^1.0.0",
        "resolve": "~1.1.7"
      }
    },
    "q": {
      "version": "1.2.0",
      "resolved": "https://registry.npmjs.org/q/-/q-1.2.0.tgz",
      "integrity": "sha1-gRcFzkqYAq3/gRqw/NvQGUbh/iI="
    },
    "resolve": {
      "version": "1.1.7",
      "resolved": "https://registry.npmjs.org/resolve/-/resolve-1.1.7.tgz",
      "integrity": "sha1-IDEU2CrSxe2ejgQRs5ModeiJ6Xs="
    },
    "rewriting-proxy": {
      "version": "0.5.1",
      "resolved": "https://registry.npmjs.org/rewriting-proxy/-/rewriting-proxy-0.5.1.tgz",
      "integrity": "sha1-DOyH6vAtpLr2/BU+8SstyArGYh0=",
      "requires": {
        "parse5": "2.1.5"
      }
    },
    "rimraf": {
      "version": "2.2.8",
      "resolved": "http://registry.npmjs.org/rimraf/-/rimraf-2.2.8.tgz",
      "integrity": "sha1-5Dm+Kq7jJzIZUnMPmaiSnk/FBYI="
    },
    "temp": {
      "version": "0.8.1",
      "resolved": "https://registry.npmjs.org/temp/-/temp-0.8.1.tgz",
      "integrity": "sha1-S3tP/ehbsJ8t1rpsxDtEITyU/To=",
      "requires": {
        "rimraf": "~2.2.6"
      }
    },
    "underscore": {
      "version": "1.3.3",
      "resolved": "https://registry.npmjs.org/underscore/-/underscore-1.3.3.tgz",
      "integrity": "sha1-R6xTaD2vgyv6lS4XdEF9pHgXrkI="
    },
    "underscore.string": {
      "version": "2.1.1",
      "resolved": "http://registry.npmjs.org/underscore.string/-/underscore.string-2.1.1.tgz",
      "integrity": "sha1-RYOXeZEUubZ/YDC7UnsK+uaJwGE="
    },
    "which": {
      "version": "1.0.9",
      "resolved": "https://registry.npmjs.org/which/-/which-1.0.9.tgz",
      "integrity": "sha1-RgwdoPgQED0DIam2M6+eV15kSG8="
    }
  }
}
